// !$*UTF8*$!
{
	archiveVersion = 1;
	classes = {
	};
	objectVersion = 52;
	objects = {

/* Begin PBXBuildFile section */
		E178A5E924FA974100E9F99B /* AppDelegate.swift in Sources */ = {isa = PBXBuildFile; fileRef = E178A5E824FA974100E9F99B /* AppDelegate.swift */; };
		E178A5EB24FA974100E9F99B /* SceneDelegate.swift in Sources */ = {isa = PBXBuildFile; fileRef = E178A5EA24FA974100E9F99B /* SceneDelegate.swift */; };
		E178A5F024FA974100E9F99B /* Main.storyboard in Resources */ = {isa = PBXBuildFile; fileRef = E178A5EE24FA974100E9F99B /* Main.storyboard */; };
		E178A5F224FA974300E9F99B /* Assets.xcassets in Resources */ = {isa = PBXBuildFile; fileRef = E178A5F124FA974300E9F99B /* Assets.xcassets */; };
		E178A5F524FA974300E9F99B /* LaunchScreen.storyboard in Resources */ = {isa = PBXBuildFile; fileRef = E178A5F324FA974300E9F99B /* LaunchScreen.storyboard */; };
		E178A60024FA974300E9F99B /* NewsAppTests.swift in Sources */ = {isa = PBXBuildFile; fileRef = E178A5FF24FA974300E9F99B /* NewsAppTests.swift */; };
		E178A60B24FA974300E9F99B /* NewsAppUITests.swift in Sources */ = {isa = PBXBuildFile; fileRef = E178A60A24FA974300E9F99B /* NewsAppUITests.swift */; };
		E178A61D24FA9CA000E9F99B /* MainViewController.swift in Sources */ = {isa = PBXBuildFile; fileRef = E178A61C24FA9CA000E9F99B /* MainViewController.swift */; };
		E178A62024FA9D2900E9F99B /* StoryboardExt.swift in Sources */ = {isa = PBXBuildFile; fileRef = E178A61F24FA9D2900E9F99B /* StoryboardExt.swift */; };
		E178A62324FA9DE200E9F99B /* UITableViewGenerics.swift in Sources */ = {isa = PBXBuildFile; fileRef = E178A62224FA9DE200E9F99B /* UITableViewGenerics.swift */; };
		E178A62624FA9E6700E9F99B /* News.storyboard in Resources */ = {isa = PBXBuildFile; fileRef = E178A62524FA9E6700E9F99B /* News.storyboard */; };
		E178A62924FA9E7E00E9F99B /* NewsViewController.swift in Sources */ = {isa = PBXBuildFile; fileRef = E178A62824FA9E7E00E9F99B /* NewsViewController.swift */; };
		E178A62C24FAA4E900E9F99B /* History.storyboard in Resources */ = {isa = PBXBuildFile; fileRef = E178A62B24FAA4E900E9F99B /* History.storyboard */; };
		E178A62F24FAA4FC00E9F99B /* HistoryViewController.swift in Sources */ = {isa = PBXBuildFile; fileRef = E178A62E24FAA4FC00E9F99B /* HistoryViewController.swift */; };
		E178A63224FAACD000E9F99B /* Constants.swift in Sources */ = {isa = PBXBuildFile; fileRef = E178A63124FAACD000E9F99B /* Constants.swift */; };
		E178A63424FAACF800E9F99B /* StringExt.swift in Sources */ = {isa = PBXBuildFile; fileRef = E178A63324FAACF800E9F99B /* StringExt.swift */; };
		E178A63624FAAD3500E9F99B /*  Localizable.strings in Resources */ = {isa = PBXBuildFile; fileRef = E178A63524FAAD3500E9F99B /*  Localizable.strings */; };
		E178A63A24FABC6100E9F99B /* NewsTableViewCell.swift in Sources */ = {isa = PBXBuildFile; fileRef = E178A63824FABC6100E9F99B /* NewsTableViewCell.swift */; };
		E178A63B24FABC6100E9F99B /* NewsTableViewCell.xib in Resources */ = {isa = PBXBuildFile; fileRef = E178A63924FABC6100E9F99B /* NewsTableViewCell.xib */; };
		E178A63F24FAC08500E9F99B /* News.swift in Sources */ = {isa = PBXBuildFile; fileRef = E178A63E24FAC08500E9F99B /* News.swift */; };
		E178A64224FAC37600E9F99B /* Kingfisher in Frameworks */ = {isa = PBXBuildFile; productRef = E178A64124FAC37600E9F99B /* Kingfisher */; };
		E178A64424FAC3A000E9F99B /* UIImageExt.swift in Sources */ = {isa = PBXBuildFile; fileRef = E178A64324FAC3A000E9F99B /* UIImageExt.swift */; };
		E178A64824FAC65A00E9F99B /* Alamofire in Frameworks */ = {isa = PBXBuildFile; productRef = E178A64724FAC65A00E9F99B /* Alamofire */; };
		E178A64A24FAC66500E9F99B /* Api.swift in Sources */ = {isa = PBXBuildFile; fileRef = E178A64924FAC66500E9F99B /* Api.swift */; };
		E178A64C24FAC81600E9F99B /* NetworkService.swift in Sources */ = {isa = PBXBuildFile; fileRef = E178A64B24FAC81600E9F99B /* NetworkService.swift */; };
		E178A64F24FAC87D00E9F99B /* NetworkProtocol.swift in Sources */ = {isa = PBXBuildFile; fileRef = E178A64E24FAC87D00E9F99B /* NetworkProtocol.swift */; };
		E178A65124FAEB1900E9F99B /* NewsViewModel.swift in Sources */ = {isa = PBXBuildFile; fileRef = E178A65024FAEB1900E9F99B /* NewsViewModel.swift */; };
		E178A65424FAEBE600E9F99B /* ViewModelBase.swift in Sources */ = {isa = PBXBuildFile; fileRef = E178A65324FAEBE600E9F99B /* ViewModelBase.swift */; };
		E178A65624FAEDD900E9F99B /* NewsService.swift in Sources */ = {isa = PBXBuildFile; fileRef = E178A65524FAEDD900E9F99B /* NewsService.swift */; };
		E188299B24FE94C700BFB9DF /* UserDefaultsExt.swift in Sources */ = {isa = PBXBuildFile; fileRef = E188299A24FE94C700BFB9DF /* UserDefaultsExt.swift */; };
		E18829A024FECD2100BFB9DF /* UIColorExt.swift in Sources */ = {isa = PBXBuildFile; fileRef = E188299F24FECD2100BFB9DF /* UIColorExt.swift */; };
		E190EFDA24FBF534004A92AF /* HotNewsCollectionView.swift in Sources */ = {isa = PBXBuildFile; fileRef = E190EFD924FBF534004A92AF /* HotNewsCollectionView.swift */; };
		E197715124FC26BA002B306D /* Details.storyboard in Resources */ = {isa = PBXBuildFile; fileRef = E197715024FC26BA002B306D /* Details.storyboard */; };
		E197715424FC26CE002B306D /* DetailsViewController.swift in Sources */ = {isa = PBXBuildFile; fileRef = E197715324FC26CE002B306D /* DetailsViewController.swift */; };
		E197715724FC270A002B306D /* DetailsViewModel.swift in Sources */ = {isa = PBXBuildFile; fileRef = E197715624FC270A002B306D /* DetailsViewModel.swift */; };
		E1BB0B7F24FB0146002F730A /* NewsViewModelOutput.swift in Sources */ = {isa = PBXBuildFile; fileRef = E1BB0B7E24FB0146002F730A /* NewsViewModelOutput.swift */; };
		E1BB0B8124FB055E002F730A /* UIViewExt.swift in Sources */ = {isa = PBXBuildFile; fileRef = E1BB0B8024FB055E002F730A /* UIViewExt.swift */; };
/* End PBXBuildFile section */

/* Begin PBXContainerItemProxy section */
		E178A5FC24FA974300E9F99B /* PBXContainerItemProxy */ = {
			isa = PBXContainerItemProxy;
			containerPortal = E178A5DD24FA974100E9F99B /* Project object */;
			proxyType = 1;
			remoteGlobalIDString = E178A5E424FA974100E9F99B;
			remoteInfo = NewsApp;
		};
		E178A60724FA974300E9F99B /* PBXContainerItemProxy */ = {
			isa = PBXContainerItemProxy;
			containerPortal = E178A5DD24FA974100E9F99B /* Project object */;
			proxyType = 1;
			remoteGlobalIDString = E178A5E424FA974100E9F99B;
			remoteInfo = NewsApp;
		};
/* End PBXContainerItemProxy section */

/* Begin PBXFileReference section */
		E178A5E524FA974100E9F99B /* NewsApp.app */ = {isa = PBXFileReference; explicitFileType = wrapper.application; includeInIndex = 0; path = NewsApp.app; sourceTree = BUILT_PRODUCTS_DIR; };
		E178A5E824FA974100E9F99B /* AppDelegate.swift */ = {isa = PBXFileReference; lastKnownFileType = sourcecode.swift; path = AppDelegate.swift; sourceTree = "<group>"; };
		E178A5EA24FA974100E9F99B /* SceneDelegate.swift */ = {isa = PBXFileReference; lastKnownFileType = sourcecode.swift; path = SceneDelegate.swift; sourceTree = "<group>"; };
		E178A5EF24FA974100E9F99B /* Base */ = {isa = PBXFileReference; lastKnownFileType = file.storyboard; name = Base; path = Base.lproj/Main.storyboard; sourceTree = "<group>"; };
		E178A5F124FA974300E9F99B /* Assets.xcassets */ = {isa = PBXFileReference; lastKnownFileType = folder.assetcatalog; path = Assets.xcassets; sourceTree = "<group>"; };
		E178A5F424FA974300E9F99B /* Base */ = {isa = PBXFileReference; lastKnownFileType = file.storyboard; name = Base; path = Base.lproj/LaunchScreen.storyboard; sourceTree = "<group>"; };
		E178A5F624FA974300E9F99B /* Info.plist */ = {isa = PBXFileReference; lastKnownFileType = text.plist.xml; path = Info.plist; sourceTree = "<group>"; };
		E178A5FB24FA974300E9F99B /* NewsAppTests.xctest */ = {isa = PBXFileReference; explicitFileType = wrapper.cfbundle; includeInIndex = 0; path = NewsAppTests.xctest; sourceTree = BUILT_PRODUCTS_DIR; };
		E178A5FF24FA974300E9F99B /* NewsAppTests.swift */ = {isa = PBXFileReference; lastKnownFileType = sourcecode.swift; path = NewsAppTests.swift; sourceTree = "<group>"; };
		E178A60124FA974300E9F99B /* Info.plist */ = {isa = PBXFileReference; lastKnownFileType = text.plist.xml; path = Info.plist; sourceTree = "<group>"; };
		E178A60624FA974300E9F99B /* NewsAppUITests.xctest */ = {isa = PBXFileReference; explicitFileType = wrapper.cfbundle; includeInIndex = 0; path = NewsAppUITests.xctest; sourceTree = BUILT_PRODUCTS_DIR; };
		E178A60A24FA974300E9F99B /* NewsAppUITests.swift */ = {isa = PBXFileReference; lastKnownFileType = sourcecode.swift; path = NewsAppUITests.swift; sourceTree = "<group>"; };
		E178A60C24FA974300E9F99B /* Info.plist */ = {isa = PBXFileReference; lastKnownFileType = text.plist.xml; path = Info.plist; sourceTree = "<group>"; };
		E178A61C24FA9CA000E9F99B /* MainViewController.swift */ = {isa = PBXFileReference; lastKnownFileType = sourcecode.swift; path = MainViewController.swift; sourceTree = "<group>"; };
		E178A61F24FA9D2900E9F99B /* StoryboardExt.swift */ = {isa = PBXFileReference; lastKnownFileType = sourcecode.swift; path = StoryboardExt.swift; sourceTree = "<group>"; };
		E178A62224FA9DE200E9F99B /* UITableViewGenerics.swift */ = {isa = PBXFileReference; lastKnownFileType = sourcecode.swift; path = UITableViewGenerics.swift; sourceTree = "<group>"; };
		E178A62524FA9E6700E9F99B /* News.storyboard */ = {isa = PBXFileReference; lastKnownFileType = file.storyboard; path = News.storyboard; sourceTree = "<group>"; };
		E178A62824FA9E7E00E9F99B /* NewsViewController.swift */ = {isa = PBXFileReference; lastKnownFileType = sourcecode.swift; path = NewsViewController.swift; sourceTree = "<group>"; };
		E178A62B24FAA4E900E9F99B /* History.storyboard */ = {isa = PBXFileReference; lastKnownFileType = file.storyboard; path = History.storyboard; sourceTree = "<group>"; };
		E178A62E24FAA4FC00E9F99B /* HistoryViewController.swift */ = {isa = PBXFileReference; lastKnownFileType = sourcecode.swift; path = HistoryViewController.swift; sourceTree = "<group>"; };
		E178A63124FAACD000E9F99B /* Constants.swift */ = {isa = PBXFileReference; lastKnownFileType = sourcecode.swift; path = Constants.swift; sourceTree = "<group>"; };
		E178A63324FAACF800E9F99B /* StringExt.swift */ = {isa = PBXFileReference; lastKnownFileType = sourcecode.swift; path = StringExt.swift; sourceTree = "<group>"; };
		E178A63524FAAD3500E9F99B /*  Localizable.strings */ = {isa = PBXFileReference; lastKnownFileType = text.plist.strings; path = " Localizable.strings"; sourceTree = "<group>"; };
		E178A63824FABC6100E9F99B /* NewsTableViewCell.swift */ = {isa = PBXFileReference; lastKnownFileType = sourcecode.swift; path = NewsTableViewCell.swift; sourceTree = "<group>"; };
		E178A63924FABC6100E9F99B /* NewsTableViewCell.xib */ = {isa = PBXFileReference; lastKnownFileType = file.xib; path = NewsTableViewCell.xib; sourceTree = "<group>"; };
		E178A63E24FAC08500E9F99B /* News.swift */ = {isa = PBXFileReference; lastKnownFileType = sourcecode.swift; path = News.swift; sourceTree = "<group>"; };
		E178A64324FAC3A000E9F99B /* UIImageExt.swift */ = {isa = PBXFileReference; lastKnownFileType = sourcecode.swift; path = UIImageExt.swift; sourceTree = "<group>"; };
		E178A64924FAC66500E9F99B /* Api.swift */ = {isa = PBXFileReference; lastKnownFileType = sourcecode.swift; path = Api.swift; sourceTree = "<group>"; };
		E178A64B24FAC81600E9F99B /* NetworkService.swift */ = {isa = PBXFileReference; lastKnownFileType = sourcecode.swift; path = NetworkService.swift; sourceTree = "<group>"; };
		E178A64E24FAC87D00E9F99B /* NetworkProtocol.swift */ = {isa = PBXFileReference; lastKnownFileType = sourcecode.swift; path = NetworkProtocol.swift; sourceTree = "<group>"; };
		E178A65024FAEB1900E9F99B /* NewsViewModel.swift */ = {isa = PBXFileReference; lastKnownFileType = sourcecode.swift; path = NewsViewModel.swift; sourceTree = "<group>"; };
		E178A65324FAEBE600E9F99B /* ViewModelBase.swift */ = {isa = PBXFileReference; lastKnownFileType = sourcecode.swift; path = ViewModelBase.swift; sourceTree = "<group>"; };
		E178A65524FAEDD900E9F99B /* NewsService.swift */ = {isa = PBXFileReference; lastKnownFileType = sourcecode.swift; path = NewsService.swift; sourceTree = "<group>"; };
		E188299A24FE94C700BFB9DF /* UserDefaultsExt.swift */ = {isa = PBXFileReference; lastKnownFileType = sourcecode.swift; path = UserDefaultsExt.swift; sourceTree = "<group>"; };
		E188299F24FECD2100BFB9DF /* UIColorExt.swift */ = {isa = PBXFileReference; lastKnownFileType = sourcecode.swift; path = UIColorExt.swift; sourceTree = "<group>"; };
		E190EFD924FBF534004A92AF /* HotNewsCollectionView.swift */ = {isa = PBXFileReference; lastKnownFileType = sourcecode.swift; path = HotNewsCollectionView.swift; sourceTree = "<group>"; };
		E197715024FC26BA002B306D /* Details.storyboard */ = {isa = PBXFileReference; lastKnownFileType = file.storyboard; path = Details.storyboard; sourceTree = "<group>"; };
		E197715324FC26CE002B306D /* DetailsViewController.swift */ = {isa = PBXFileReference; lastKnownFileType = sourcecode.swift; path = DetailsViewController.swift; sourceTree = "<group>"; };
		E197715624FC270A002B306D /* DetailsViewModel.swift */ = {isa = PBXFileReference; lastKnownFileType = sourcecode.swift; path = DetailsViewModel.swift; sourceTree = "<group>"; };
		E1BB0B7E24FB0146002F730A /* NewsViewModelOutput.swift */ = {isa = PBXFileReference; lastKnownFileType = sourcecode.swift; path = NewsViewModelOutput.swift; sourceTree = "<group>"; };
		E1BB0B8024FB055E002F730A /* UIViewExt.swift */ = {isa = PBXFileReference; lastKnownFileType = sourcecode.swift; path = UIViewExt.swift; sourceTree = "<group>"; };
/* End PBXFileReference section */

/* Begin PBXFrameworksBuildPhase section */
		E178A5E224FA974100E9F99B /* Frameworks */ = {
			isa = PBXFrameworksBuildPhase;
			buildActionMask = 2147483647;
			files = (
				E178A64224FAC37600E9F99B /* Kingfisher in Frameworks */,
				E178A64824FAC65A00E9F99B /* Alamofire in Frameworks */,
			);
			runOnlyForDeploymentPostprocessing = 0;
		};
		E178A5F824FA974300E9F99B /* Frameworks */ = {
			isa = PBXFrameworksBuildPhase;
			buildActionMask = 2147483647;
			files = (
			);
			runOnlyForDeploymentPostprocessing = 0;
		};
		E178A60324FA974300E9F99B /* Frameworks */ = {
			isa = PBXFrameworksBuildPhase;
			buildActionMask = 2147483647;
			files = (
			);
			runOnlyForDeploymentPostprocessing = 0;
		};
/* End PBXFrameworksBuildPhase section */

/* Begin PBXGroup section */
		E178A5DC24FA974100E9F99B = {
			isa = PBXGroup;
			children = (
				E178A5E724FA974100E9F99B /* NewsApp */,
				E178A5FE24FA974300E9F99B /* NewsAppTests */,
				E178A60924FA974300E9F99B /* NewsAppUITests */,
				E178A5E624FA974100E9F99B /* Products */,
			);
			sourceTree = "<group>";
		};
		E178A5E624FA974100E9F99B /* Products */ = {
			isa = PBXGroup;
			children = (
				E178A5E524FA974100E9F99B /* NewsApp.app */,
				E178A5FB24FA974300E9F99B /* NewsAppTests.xctest */,
				E178A60624FA974300E9F99B /* NewsAppUITests.xctest */,
			);
			name = Products;
			sourceTree = "<group>";
		};
		E178A5E724FA974100E9F99B /* NewsApp */ = {
			isa = PBXGroup;
			children = (
				E178A63024FAACC000E9F99B /* Constants */,
				E178A62124FA9DD300E9F99B /* Generics */,
				E178A61E24FA9D1100E9F99B /* Extensions */,
				E178A61924FA9C1F00E9F99B /* Services */,
				E178A61824FA9C0D00E9F99B /* Components */,
				E178A63C24FAC01F00E9F99B /* Models */,
				E178A65224FAEBD700E9F99B /* ViewModelBase */,
				E178A5EA24FA974100E9F99B /* SceneDelegate.swift */,
				E178A5E824FA974100E9F99B /* AppDelegate.swift */,
				E178A5EE24FA974100E9F99B /* Main.storyboard */,
				E178A5F124FA974300E9F99B /* Assets.xcassets */,
				E178A5F324FA974300E9F99B /* LaunchScreen.storyboard */,
				E178A5F624FA974300E9F99B /* Info.plist */,
				E178A63524FAAD3500E9F99B /*  Localizable.strings */,
			);
			path = NewsApp;
			sourceTree = "<group>";
		};
		E178A5FE24FA974300E9F99B /* NewsAppTests */ = {
			isa = PBXGroup;
			children = (
				E178A5FF24FA974300E9F99B /* NewsAppTests.swift */,
				E178A60124FA974300E9F99B /* Info.plist */,
			);
			path = NewsAppTests;
			sourceTree = "<group>";
		};
		E178A60924FA974300E9F99B /* NewsAppUITests */ = {
			isa = PBXGroup;
			children = (
				E178A60A24FA974300E9F99B /* NewsAppUITests.swift */,
				E178A60C24FA974300E9F99B /* Info.plist */,
			);
			path = NewsAppUITests;
			sourceTree = "<group>";
		};
		E178A61824FA9C0D00E9F99B /* Components */ = {
			isa = PBXGroup;
			children = (
				E197714F24FC26AA002B306D /* Details */,
				E178A62A24FAA4DD00E9F99B /* History */,
				E178A62424FA9E5800E9F99B /* News */,
				E178A61A24FA9C7E00E9F99B /* Main */,
			);
			path = Components;
			sourceTree = "<group>";
		};
		E178A61924FA9C1F00E9F99B /* Services */ = {
			isa = PBXGroup;
			children = (
				E178A64D24FAC87300E9F99B /* Protocols */,
				E178A64924FAC66500E9F99B /* Api.swift */,
				E178A64B24FAC81600E9F99B /* NetworkService.swift */,
				E178A65524FAEDD900E9F99B /* NewsService.swift */,
			);
			path = Services;
			sourceTree = "<group>";
		};
		E178A61A24FA9C7E00E9F99B /* Main */ = {
			isa = PBXGroup;
			children = (
				E178A61B24FA9C8E00E9F99B /* Views */,
			);
			path = Main;
			sourceTree = "<group>";
		};
		E178A61B24FA9C8E00E9F99B /* Views */ = {
			isa = PBXGroup;
			children = (
				E178A61C24FA9CA000E9F99B /* MainViewController.swift */,
			);
			path = Views;
			sourceTree = "<group>";
		};
		E178A61E24FA9D1100E9F99B /* Extensions */ = {
			isa = PBXGroup;
			children = (
				E178A61F24FA9D2900E9F99B /* StoryboardExt.swift */,
				E178A63324FAACF800E9F99B /* StringExt.swift */,
				E178A64324FAC3A000E9F99B /* UIImageExt.swift */,
				E1BB0B8024FB055E002F730A /* UIViewExt.swift */,
				E188299A24FE94C700BFB9DF /* UserDefaultsExt.swift */,
				E188299F24FECD2100BFB9DF /* UIColorExt.swift */,
			);
			path = Extensions;
			sourceTree = "<group>";
		};
		E178A62124FA9DD300E9F99B /* Generics */ = {
			isa = PBXGroup;
			children = (
				E178A62224FA9DE200E9F99B /* UITableViewGenerics.swift */,
			);
			path = Generics;
			sourceTree = "<group>";
		};
		E178A62424FA9E5800E9F99B /* News */ = {
			isa = PBXGroup;
			children = (
				E1BB0B7D24FB0138002F730A /* Protocols */,
				E178A64524FAC53200E9F99B /* ViewModel */,
				E178A63724FABAB600E9F99B /* Cells */,
				E178A62724FA9E6C00E9F99B /* Views */,
				E178A62524FA9E6700E9F99B /* News.storyboard */,
			);
			path = News;
			sourceTree = "<group>";
		};
		E178A62724FA9E6C00E9F99B /* Views */ = {
			isa = PBXGroup;
			children = (
				E178A62824FA9E7E00E9F99B /* NewsViewController.swift */,
			);
			path = Views;
			sourceTree = "<group>";
		};
		E178A62A24FAA4DD00E9F99B /* History */ = {
			isa = PBXGroup;
			children = (
				E178A62D24FAA4EE00E9F99B /* Views */,
				E178A62B24FAA4E900E9F99B /* History.storyboard */,
			);
			path = History;
			sourceTree = "<group>";
		};
		E178A62D24FAA4EE00E9F99B /* Views */ = {
			isa = PBXGroup;
			children = (
				E178A62E24FAA4FC00E9F99B /* HistoryViewController.swift */,
			);
			path = Views;
			sourceTree = "<group>";
		};
		E178A63024FAACC000E9F99B /* Constants */ = {
			isa = PBXGroup;
			children = (
				E178A63124FAACD000E9F99B /* Constants.swift */,
			);
			path = Constants;
			sourceTree = "<group>";
		};
		E178A63724FABAB600E9F99B /* Cells */ = {
			isa = PBXGroup;
			children = (
				E178A63824FABC6100E9F99B /* NewsTableViewCell.swift */,
				E178A63924FABC6100E9F99B /* NewsTableViewCell.xib */,
				E190EFD924FBF534004A92AF /* HotNewsCollectionView.swift */,
			);
			path = Cells;
			sourceTree = "<group>";
		};
		E178A63C24FAC01F00E9F99B /* Models */ = {
			isa = PBXGroup;
			children = (
				E178A63D24FAC02500E9F99B /* News */,
			);
			path = Models;
			sourceTree = "<group>";
		};
		E178A63D24FAC02500E9F99B /* News */ = {
			isa = PBXGroup;
			children = (
				E178A63E24FAC08500E9F99B /* News.swift */,
			);
			path = News;
			sourceTree = "<group>";
		};
		E178A64524FAC53200E9F99B /* ViewModel */ = {
			isa = PBXGroup;
			children = (
				E178A65024FAEB1900E9F99B /* NewsViewModel.swift */,
			);
			path = ViewModel;
			sourceTree = "<group>";
		};
		E178A64D24FAC87300E9F99B /* Protocols */ = {
			isa = PBXGroup;
			children = (
				E178A64E24FAC87D00E9F99B /* NetworkProtocol.swift */,
			);
			path = Protocols;
			sourceTree = "<group>";
		};
		E178A65224FAEBD700E9F99B /* ViewModelBase */ = {
			isa = PBXGroup;
			children = (
				E178A65324FAEBE600E9F99B /* ViewModelBase.swift */,
			);
			path = ViewModelBase;
			sourceTree = "<group>";
		};
		E197714F24FC26AA002B306D /* Details */ = {
			isa = PBXGroup;
			children = (
				E197715524FC26FA002B306D /* ViewModel */,
				E197715224FC26BE002B306D /* Views */,
				E197715024FC26BA002B306D /* Details.storyboard */,
			);
			path = Details;
			sourceTree = "<group>";
		};
		E197715224FC26BE002B306D /* Views */ = {
			isa = PBXGroup;
			children = (
				E197715324FC26CE002B306D /* DetailsViewController.swift */,
			);
			path = Views;
			sourceTree = "<group>";
		};
		E197715524FC26FA002B306D /* ViewModel */ = {
			isa = PBXGroup;
			children = (
				E197715624FC270A002B306D /* DetailsViewModel.swift */,
			);
			path = ViewModel;
			sourceTree = "<group>";
		};
		E1BB0B7D24FB0138002F730A /* Protocols */ = {
			isa = PBXGroup;
			children = (
				E1BB0B7E24FB0146002F730A /* NewsViewModelOutput.swift */,
			);
			path = Protocols;
			sourceTree = "<group>";
		};
/* End PBXGroup section */

/* Begin PBXNativeTarget section */
		E178A5E424FA974100E9F99B /* NewsApp */ = {
			isa = PBXNativeTarget;
			buildConfigurationList = E178A60F24FA974300E9F99B /* Build configuration list for PBXNativeTarget "NewsApp" */;
			buildPhases = (
				E178A5E124FA974100E9F99B /* Sources */,
				E178A5E224FA974100E9F99B /* Frameworks */,
				E178A5E324FA974100E9F99B /* Resources */,
			);
			buildRules = (
			);
			dependencies = (
			);
			name = NewsApp;
			packageProductDependencies = (
				E178A64124FAC37600E9F99B /* Kingfisher */,
				E178A64724FAC65A00E9F99B /* Alamofire */,
			);
			productName = NewsApp;
			productReference = E178A5E524FA974100E9F99B /* NewsApp.app */;
			productType = "com.apple.product-type.application";
		};
		E178A5FA24FA974300E9F99B /* NewsAppTests */ = {
			isa = PBXNativeTarget;
			buildConfigurationList = E178A61224FA974300E9F99B /* Build configuration list for PBXNativeTarget "NewsAppTests" */;
			buildPhases = (
				E178A5F724FA974300E9F99B /* Sources */,
				E178A5F824FA974300E9F99B /* Frameworks */,
				E178A5F924FA974300E9F99B /* Resources */,
			);
			buildRules = (
			);
			dependencies = (
				E178A5FD24FA974300E9F99B /* PBXTargetDependency */,
			);
			name = NewsAppTests;
			productName = NewsAppTests;
			productReference = E178A5FB24FA974300E9F99B /* NewsAppTests.xctest */;
			productType = "com.apple.product-type.bundle.unit-test";
		};
		E178A60524FA974300E9F99B /* NewsAppUITests */ = {
			isa = PBXNativeTarget;
			buildConfigurationList = E178A61524FA974300E9F99B /* Build configuration list for PBXNativeTarget "NewsAppUITests" */;
			buildPhases = (
				E178A60224FA974300E9F99B /* Sources */,
				E178A60324FA974300E9F99B /* Frameworks */,
				E178A60424FA974300E9F99B /* Resources */,
			);
			buildRules = (
			);
			dependencies = (
				E178A60824FA974300E9F99B /* PBXTargetDependency */,
			);
			name = NewsAppUITests;
			productName = NewsAppUITests;
			productReference = E178A60624FA974300E9F99B /* NewsAppUITests.xctest */;
			productType = "com.apple.product-type.bundle.ui-testing";
		};
/* End PBXNativeTarget section */

/* Begin PBXProject section */
		E178A5DD24FA974100E9F99B /* Project object */ = {
			isa = PBXProject;
			attributes = {
				LastSwiftUpdateCheck = 1160;
				LastUpgradeCheck = 1160;
				ORGANIZATIONNAME = "Edhem Silajdzic";
				TargetAttributes = {
					E178A5E424FA974100E9F99B = {
						CreatedOnToolsVersion = 11.6;
					};
					E178A5FA24FA974300E9F99B = {
						CreatedOnToolsVersion = 11.6;
						TestTargetID = E178A5E424FA974100E9F99B;
					};
					E178A60524FA974300E9F99B = {
						CreatedOnToolsVersion = 11.6;
						TestTargetID = E178A5E424FA974100E9F99B;
					};
				};
			};
			buildConfigurationList = E178A5E024FA974100E9F99B /* Build configuration list for PBXProject "NewsApp" */;
			compatibilityVersion = "Xcode 9.3";
			developmentRegion = en;
			hasScannedForEncodings = 0;
			knownRegions = (
				en,
				Base,
			);
			mainGroup = E178A5DC24FA974100E9F99B;
			packageReferences = (
				E178A64024FAC37600E9F99B /* XCRemoteSwiftPackageReference "Kingfisher" */,
				E178A64624FAC65A00E9F99B /* XCRemoteSwiftPackageReference "Alamofire" */,
			);
			productRefGroup = E178A5E624FA974100E9F99B /* Products */;
			projectDirPath = "";
			projectRoot = "";
			targets = (
				E178A5E424FA974100E9F99B /* NewsApp */,
				E178A5FA24FA974300E9F99B /* NewsAppTests */,
				E178A60524FA974300E9F99B /* NewsAppUITests */,
			);
		};
/* End PBXProject section */

/* Begin PBXResourcesBuildPhase section */
		E178A5E324FA974100E9F99B /* Resources */ = {
			isa = PBXResourcesBuildPhase;
			buildActionMask = 2147483647;
			files = (
				E178A5F524FA974300E9F99B /* LaunchScreen.storyboard in Resources */,
				E178A5F224FA974300E9F99B /* Assets.xcassets in Resources */,
				E178A5F024FA974100E9F99B /* Main.storyboard in Resources */,
				E178A63B24FABC6100E9F99B /* NewsTableViewCell.xib in Resources */,
				E178A62C24FAA4E900E9F99B /* History.storyboard in Resources */,
				E178A63624FAAD3500E9F99B /*  Localizable.strings in Resources */,
				E178A62624FA9E6700E9F99B /* News.storyboard in Resources */,
				E197715124FC26BA002B306D /* Details.storyboard in Resources */,
			);
			runOnlyForDeploymentPostprocessing = 0;
		};
		E178A5F924FA974300E9F99B /* Resources */ = {
			isa = PBXResourcesBuildPhase;
			buildActionMask = 2147483647;
			files = (
			);
			runOnlyForDeploymentPostprocessing = 0;
		};
		E178A60424FA974300E9F99B /* Resources */ = {
			isa = PBXResourcesBuildPhase;
			buildActionMask = 2147483647;
			files = (
			);
			runOnlyForDeploymentPostprocessing = 0;
		};
/* End PBXResourcesBuildPhase section */

/* Begin PBXSourcesBuildPhase section */
		E178A5E124FA974100E9F99B /* Sources */ = {
			isa = PBXSourcesBuildPhase;
			buildActionMask = 2147483647;
			files = (
				E188299B24FE94C700BFB9DF /* UserDefaultsExt.swift in Sources */,
				E178A62024FA9D2900E9F99B /* StoryboardExt.swift in Sources */,
				E178A5E924FA974100E9F99B /* AppDelegate.swift in Sources */,
				E178A64F24FAC87D00E9F99B /* NetworkProtocol.swift in Sources */,
				E197715424FC26CE002B306D /* DetailsViewController.swift in Sources */,
				E178A65424FAEBE600E9F99B /* ViewModelBase.swift in Sources */,
				E178A63A24FABC6100E9F99B /* NewsTableViewCell.swift in Sources */,
				E178A5EB24FA974100E9F99B /* SceneDelegate.swift in Sources */,
				E178A62924FA9E7E00E9F99B /* NewsViewController.swift in Sources */,
				E178A64424FAC3A000E9F99B /* UIImageExt.swift in Sources */,
				E178A65124FAEB1900E9F99B /* NewsViewModel.swift in Sources */,
				E197715724FC270A002B306D /* DetailsViewModel.swift in Sources */,
				E178A64C24FAC81600E9F99B /* NetworkService.swift in Sources */,
				E18829A024FECD2100BFB9DF /* UIColorExt.swift in Sources */,
				E178A64A24FAC66500E9F99B /* Api.swift in Sources */,
				E178A63424FAACF800E9F99B /* StringExt.swift in Sources */,
				E1BB0B8124FB055E002F730A /* UIViewExt.swift in Sources */,
				E178A65624FAEDD900E9F99B /* NewsService.swift in Sources */,
				E178A63F24FAC08500E9F99B /* News.swift in Sources */,
				E178A61D24FA9CA000E9F99B /* MainViewController.swift in Sources */,
				E1BB0B7F24FB0146002F730A /* NewsViewModelOutput.swift in Sources */,
				E190EFDA24FBF534004A92AF /* HotNewsCollectionView.swift in Sources */,
				E178A62324FA9DE200E9F99B /* UITableViewGenerics.swift in Sources */,
				E178A62F24FAA4FC00E9F99B /* HistoryViewController.swift in Sources */,
				E178A63224FAACD000E9F99B /* Constants.swift in Sources */,
			);
			runOnlyForDeploymentPostprocessing = 0;
		};
		E178A5F724FA974300E9F99B /* Sources */ = {
			isa = PBXSourcesBuildPhase;
			buildActionMask = 2147483647;
			files = (
				E178A60024FA974300E9F99B /* NewsAppTests.swift in Sources */,
			);
			runOnlyForDeploymentPostprocessing = 0;
		};
		E178A60224FA974300E9F99B /* Sources */ = {
			isa = PBXSourcesBuildPhase;
			buildActionMask = 2147483647;
			files = (
				E178A60B24FA974300E9F99B /* NewsAppUITests.swift in Sources */,
			);
			runOnlyForDeploymentPostprocessing = 0;
		};
/* End PBXSourcesBuildPhase section */

/* Begin PBXTargetDependency section */
		E178A5FD24FA974300E9F99B /* PBXTargetDependency */ = {
			isa = PBXTargetDependency;
			target = E178A5E424FA974100E9F99B /* NewsApp */;
			targetProxy = E178A5FC24FA974300E9F99B /* PBXContainerItemProxy */;
		};
		E178A60824FA974300E9F99B /* PBXTargetDependency */ = {
			isa = PBXTargetDependency;
			target = E178A5E424FA974100E9F99B /* NewsApp */;
			targetProxy = E178A60724FA974300E9F99B /* PBXContainerItemProxy */;
		};
/* End PBXTargetDependency section */

/* Begin PBXVariantGroup section */
		E178A5EE24FA974100E9F99B /* Main.storyboard */ = {
			isa = PBXVariantGroup;
			children = (
				E178A5EF24FA974100E9F99B /* Base */,
			);
			name = Main.storyboard;
			sourceTree = "<group>";
		};
		E178A5F324FA974300E9F99B /* LaunchScreen.storyboard */ = {
			isa = PBXVariantGroup;
			children = (
				E178A5F424FA974300E9F99B /* Base */,
			);
			name = LaunchScreen.storyboard;
			sourceTree = "<group>";
		};
/* End PBXVariantGroup section */

/* Begin XCBuildConfiguration section */
		E178A60D24FA974300E9F99B /* Debug */ = {
			isa = XCBuildConfiguration;
			buildSettings = {
				ALWAYS_SEARCH_USER_PATHS = NO;
				CLANG_ANALYZER_NONNULL = YES;
				CLANG_ANALYZER_NUMBER_OBJECT_CONVERSION = YES_AGGRESSIVE;
				CLANG_CXX_LANGUAGE_STANDARD = "gnu++14";
				CLANG_CXX_LIBRARY = "libc++";
				CLANG_ENABLE_MODULES = YES;
				CLANG_ENABLE_OBJC_ARC = YES;
				CLANG_ENABLE_OBJC_WEAK = YES;
				CLANG_WARN_BLOCK_CAPTURE_AUTORELEASING = YES;
				CLANG_WARN_BOOL_CONVERSION = YES;
				CLANG_WARN_COMMA = YES;
				CLANG_WARN_CONSTANT_CONVERSION = YES;
				CLANG_WARN_DEPRECATED_OBJC_IMPLEMENTATIONS = YES;
				CLANG_WARN_DIRECT_OBJC_ISA_USAGE = YES_ERROR;
				CLANG_WARN_DOCUMENTATION_COMMENTS = YES;
				CLANG_WARN_EMPTY_BODY = YES;
				CLANG_WARN_ENUM_CONVERSION = YES;
				CLANG_WARN_INFINITE_RECURSION = YES;
				CLANG_WARN_INT_CONVERSION = YES;
				CLANG_WARN_NON_LITERAL_NULL_CONVERSION = YES;
				CLANG_WARN_OBJC_IMPLICIT_RETAIN_SELF = YES;
				CLANG_WARN_OBJC_LITERAL_CONVERSION = YES;
				CLANG_WARN_OBJC_ROOT_CLASS = YES_ERROR;
				CLANG_WARN_RANGE_LOOP_ANALYSIS = YES;
				CLANG_WARN_STRICT_PROTOTYPES = YES;
				CLANG_WARN_SUSPICIOUS_MOVE = YES;
				CLANG_WARN_UNGUARDED_AVAILABILITY = YES_AGGRESSIVE;
				CLANG_WARN_UNREACHABLE_CODE = YES;
				CLANG_WARN__DUPLICATE_METHOD_MATCH = YES;
				COPY_PHASE_STRIP = NO;
				DEBUG_INFORMATION_FORMAT = dwarf;
				ENABLE_STRICT_OBJC_MSGSEND = YES;
				ENABLE_TESTABILITY = YES;
				GCC_C_LANGUAGE_STANDARD = gnu11;
				GCC_DYNAMIC_NO_PIC = NO;
				GCC_NO_COMMON_BLOCKS = YES;
				GCC_OPTIMIZATION_LEVEL = 0;
				GCC_PREPROCESSOR_DEFINITIONS = (
					"DEBUG=1",
					"$(inherited)",
				);
				GCC_WARN_64_TO_32_BIT_CONVERSION = YES;
				GCC_WARN_ABOUT_RETURN_TYPE = YES_ERROR;
				GCC_WARN_UNDECLARED_SELECTOR = YES;
				GCC_WARN_UNINITIALIZED_AUTOS = YES_AGGRESSIVE;
				GCC_WARN_UNUSED_FUNCTION = YES;
				GCC_WARN_UNUSED_VARIABLE = YES;
				IPHONEOS_DEPLOYMENT_TARGET = 13.6;
				MTL_ENABLE_DEBUG_INFO = INCLUDE_SOURCE;
				MTL_FAST_MATH = YES;
				ONLY_ACTIVE_ARCH = YES;
				SDKROOT = iphoneos;
				SWIFT_ACTIVE_COMPILATION_CONDITIONS = DEBUG;
				SWIFT_OPTIMIZATION_LEVEL = "-Onone";
			};
			name = Debug;
		};
		E178A60E24FA974300E9F99B /* Release */ = {
			isa = XCBuildConfiguration;
			buildSettings = {
				ALWAYS_SEARCH_USER_PATHS = NO;
				CLANG_ANALYZER_NONNULL = YES;
				CLANG_ANALYZER_NUMBER_OBJECT_CONVERSION = YES_AGGRESSIVE;
				CLANG_CXX_LANGUAGE_STANDARD = "gnu++14";
				CLANG_CXX_LIBRARY = "libc++";
				CLANG_ENABLE_MODULES = YES;
				CLANG_ENABLE_OBJC_ARC = YES;
				CLANG_ENABLE_OBJC_WEAK = YES;
				CLANG_WARN_BLOCK_CAPTURE_AUTORELEASING = YES;
				CLANG_WARN_BOOL_CONVERSION = YES;
				CLANG_WARN_COMMA = YES;
				CLANG_WARN_CONSTANT_CONVERSION = YES;
				CLANG_WARN_DEPRECATED_OBJC_IMPLEMENTATIONS = YES;
				CLANG_WARN_DIRECT_OBJC_ISA_USAGE = YES_ERROR;
				CLANG_WARN_DOCUMENTATION_COMMENTS = YES;
				CLANG_WARN_EMPTY_BODY = YES;
				CLANG_WARN_ENUM_CONVERSION = YES;
				CLANG_WARN_INFINITE_RECURSION = YES;
				CLANG_WARN_INT_CONVERSION = YES;
				CLANG_WARN_NON_LITERAL_NULL_CONVERSION = YES;
				CLANG_WARN_OBJC_IMPLICIT_RETAIN_SELF = YES;
				CLANG_WARN_OBJC_LITERAL_CONVERSION = YES;
				CLANG_WARN_OBJC_ROOT_CLASS = YES_ERROR;
				CLANG_WARN_RANGE_LOOP_ANALYSIS = YES;
				CLANG_WARN_STRICT_PROTOTYPES = YES;
				CLANG_WARN_SUSPICIOUS_MOVE = YES;
				CLANG_WARN_UNGUARDED_AVAILABILITY = YES_AGGRESSIVE;
				CLANG_WARN_UNREACHABLE_CODE = YES;
				CLANG_WARN__DUPLICATE_METHOD_MATCH = YES;
				COPY_PHASE_STRIP = NO;
				DEBUG_INFORMATION_FORMAT = "dwarf-with-dsym";
				ENABLE_NS_ASSERTIONS = NO;
				ENABLE_STRICT_OBJC_MSGSEND = YES;
				GCC_C_LANGUAGE_STANDARD = gnu11;
				GCC_NO_COMMON_BLOCKS = YES;
				GCC_WARN_64_TO_32_BIT_CONVERSION = YES;
				GCC_WARN_ABOUT_RETURN_TYPE = YES_ERROR;
				GCC_WARN_UNDECLARED_SELECTOR = YES;
				GCC_WARN_UNINITIALIZED_AUTOS = YES_AGGRESSIVE;
				GCC_WARN_UNUSED_FUNCTION = YES;
				GCC_WARN_UNUSED_VARIABLE = YES;
				IPHONEOS_DEPLOYMENT_TARGET = 13.6;
				MTL_ENABLE_DEBUG_INFO = NO;
				MTL_FAST_MATH = YES;
				SDKROOT = iphoneos;
				SWIFT_COMPILATION_MODE = wholemodule;
				SWIFT_OPTIMIZATION_LEVEL = "-O";
				VALIDATE_PRODUCT = YES;
			};
			name = Release;
		};
		E178A61024FA974300E9F99B /* Debug */ = {
			isa = XCBuildConfiguration;
			buildSettings = {
				ASSETCATALOG_COMPILER_APPICON_NAME = AppIcon;
				CODE_SIGN_STYLE = Automatic;
				DEVELOPMENT_TEAM = 5CM95LFCWB;
				INFOPLIST_FILE = NewsApp/Info.plist;
				LD_RUNPATH_SEARCH_PATHS = (
					"$(inherited)",
					"@executable_path/Frameworks",
				);
				PRODUCT_BUNDLE_IDENTIFIER = EdhemDev.NewsApp;
				PRODUCT_NAME = "$(TARGET_NAME)";
				SWIFT_VERSION = 5.0;
				TARGETED_DEVICE_FAMILY = "1,2";
			};
			name = Debug;
		};
		E178A61124FA974300E9F99B /* Release */ = {
			isa = XCBuildConfiguration;
			buildSettings = {
				ASSETCATALOG_COMPILER_APPICON_NAME = AppIcon;
				CODE_SIGN_STYLE = Automatic;
				DEVELOPMENT_TEAM = 5CM95LFCWB;
				INFOPLIST_FILE = NewsApp/Info.plist;
				LD_RUNPATH_SEARCH_PATHS = (
					"$(inherited)",
					"@executable_path/Frameworks",
				);
				PRODUCT_BUNDLE_IDENTIFIER = EdhemDev.NewsApp;
				PRODUCT_NAME = "$(TARGET_NAME)";
				SWIFT_VERSION = 5.0;
				TARGETED_DEVICE_FAMILY = "1,2";
			};
			name = Release;
		};
		E178A61324FA974300E9F99B /* Debug */ = {
			isa = XCBuildConfiguration;
			buildSettings = {
				ALWAYS_EMBED_SWIFT_STANDARD_LIBRARIES = YES;
				BUNDLE_LOADER = "$(TEST_HOST)";
				CODE_SIGN_STYLE = Automatic;
				DEVELOPMENT_TEAM = 5CM95LFCWB;
				INFOPLIST_FILE = NewsAppTests/Info.plist;
				IPHONEOS_DEPLOYMENT_TARGET = 13.6;
				LD_RUNPATH_SEARCH_PATHS = (
					"$(inherited)",
					"@executable_path/Frameworks",
					"@loader_path/Frameworks",
				);
				PRODUCT_BUNDLE_IDENTIFIER = EdhemDev.NewsAppTests;
				PRODUCT_NAME = "$(TARGET_NAME)";
				SWIFT_VERSION = 5.0;
				TARGETED_DEVICE_FAMILY = "1,2";
				TEST_HOST = "$(BUILT_PRODUCTS_DIR)/NewsApp.app/NewsApp";
			};
			name = Debug;
		};
		E178A61424FA974300E9F99B /* Release */ = {
			isa = XCBuildConfiguration;
			buildSettings = {
				ALWAYS_EMBED_SWIFT_STANDARD_LIBRARIES = YES;
				BUNDLE_LOADER = "$(TEST_HOST)";
				CODE_SIGN_STYLE = Automatic;
				DEVELOPMENT_TEAM = 5CM95LFCWB;
				INFOPLIST_FILE = NewsAppTests/Info.plist;
				IPHONEOS_DEPLOYMENT_TARGET = 13.6;
				LD_RUNPATH_SEARCH_PATHS = (
					"$(inherited)",
					"@executable_path/Frameworks",
					"@loader_path/Frameworks",
				);
				PRODUCT_BUNDLE_IDENTIFIER = EdhemDev.NewsAppTests;
				PRODUCT_NAME = "$(TARGET_NAME)";
				SWIFT_VERSION = 5.0;
				TARGETED_DEVICE_FAMILY = "1,2";
				TEST_HOST = "$(BUILT_PRODUCTS_DIR)/NewsApp.app/NewsApp";
			};
			name = Release;
		};
		E178A61624FA974300E9F99B /* Debug */ = {
			isa = XCBuildConfiguration;
			buildSettings = {
				ALWAYS_EMBED_SWIFT_STANDARD_LIBRARIES = YES;
				CODE_SIGN_STYLE = Automatic;
				DEVELOPMENT_TEAM = 5CM95LFCWB;
				INFOPLIST_FILE = NewsAppUITests/Info.plist;
				LD_RUNPATH_SEARCH_PATHS = (
					"$(inherited)",
					"@executable_path/Frameworks",
					"@loader_path/Frameworks",
				);
				PRODUCT_BUNDLE_IDENTIFIER = EdhemDev.NewsAppUITests;
				PRODUCT_NAME = "$(TARGET_NAME)";
				SWIFT_VERSION = 5.0;
				TARGETED_DEVICE_FAMILY = "1,2";
				TEST_TARGET_NAME = NewsApp;
			};
			name = Debug;
		};
		E178A61724FA974300E9F99B /* Release */ = {
			isa = XCBuildConfiguration;
			buildSettings = {
				ALWAYS_EMBED_SWIFT_STANDARD_LIBRARIES = YES;
				CODE_SIGN_STYLE = Automatic;
				DEVELOPMENT_TEAM = 5CM95LFCWB;
				INFOPLIST_FILE = NewsAppUITests/Info.plist;
				LD_RUNPATH_SEARCH_PATHS = (
					"$(inherited)",
					"@executable_path/Frameworks",
					"@loader_path/Frameworks",
				);
				PRODUCT_BUNDLE_IDENTIFIER = EdhemDev.NewsAppUITests;
				PRODUCT_NAME = "$(TARGET_NAME)";
				SWIFT_VERSION = 5.0;
				TARGETED_DEVICE_FAMILY = "1,2";
				TEST_TARGET_NAME = NewsApp;
			};
			name = Release;
		};
/* End XCBuildConfiguration section */

/* Begin XCConfigurationList section */
		E178A5E024FA974100E9F99B /* Build configuration list for PBXProject "NewsApp" */ = {
			isa = XCConfigurationList;
			buildConfigurations = (
				E178A60D24FA974300E9F99B /* Debug */,
				E178A60E24FA974300E9F99B /* Release */,
			);
			defaultConfigurationIsVisible = 0;
			defaultConfigurationName = Release;
		};
		E178A60F24FA974300E9F99B /* Build configuration list for PBXNativeTarget "NewsApp" */ = {
			isa = XCConfigurationList;
			buildConfigurations = (
				E178A61024FA974300E9F99B /* Debug */,
				E178A61124FA974300E9F99B /* Release */,
			);
			defaultConfigurationIsVisible = 0;
			defaultConfigurationName = Release;
		};
		E178A61224FA974300E9F99B /* Build configuration list for PBXNativeTarget "NewsAppTests" */ = {
			isa = XCConfigurationList;
			buildConfigurations = (
				E178A61324FA974300E9F99B /* Debug */,
				E178A61424FA974300E9F99B /* Release */,
			);
			defaultConfigurationIsVisible = 0;
			defaultConfigurationName = Release;
		};
		E178A61524FA974300E9F99B /* Build configuration list for PBXNativeTarget "NewsAppUITests" */ = {
			isa = XCConfigurationList;
			buildConfigurations = (
				E178A61624FA974300E9F99B /* Debug */,
				E178A61724FA974300E9F99B /* Release */,
			);
			defaultConfigurationIsVisible = 0;
			defaultConfigurationName = Release;
		};
/* End XCConfigurationList section */

/* Begin XCRemoteSwiftPackageReference section */
		E178A64024FAC37600E9F99B /* XCRemoteSwiftPackageReference "Kingfisher" */ = {
			isa = XCRemoteSwiftPackageReference;
			repositoryURL = "https://github.com/onevcat/Kingfisher.git";
			requirement = {
				kind = upToNextMajorVersion;
				minimumVersion = 5.15.0;
			};
		};
		E178A64624FAC65A00E9F99B /* XCRemoteSwiftPackageReference "Alamofire" */ = {
			isa = XCRemoteSwiftPackageReference;
			repositoryURL = "https://github.com/Alamofire/Alamofire";
			requirement = {
				kind = upToNextMajorVersion;
				minimumVersion = 5.2.2;
			};
		};
/* End XCRemoteSwiftPackageReference section */

/* Begin XCSwiftPackageProductDependency section */
		E178A64124FAC37600E9F99B /* Kingfisher */ = {
			isa = XCSwiftPackageProductDependency;
			package = E178A64024FAC37600E9F99B /* XCRemoteSwiftPackageReference "Kingfisher" */;
			productName = Kingfisher;
		};
		E178A64724FAC65A00E9F99B /* Alamofire */ = {
			isa = XCSwiftPackageProductDependency;
			package = E178A64624FAC65A00E9F99B /* XCRemoteSwiftPackageReference "Alamofire" */;
			productName = Alamofire;
		};
/* End XCSwiftPackageProductDependency section */
	};
	rootObject = E178A5DD24FA974100E9F99B /* Project object */;
}
